
Microsoft Visual Studio Solution File, Format Version 12.00
# Visual Studio 2013
VisualStudioVersion = 12.0.21005.1
MinimumVisualStudioVersion = 10.0.40219.1
Project("{6989167D-11E4-40FE-8C1A-2192A86A7E90}") = "polymorphism_only", "polymorphism_only.vfproj", "{7D8368D5-B0A1-4254-A0A9-B3F87AB239F7}"
EndProject
Global
	GlobalSection(SolutionConfigurationPlatforms) = preSolution
		Debug|Win32 = Debug|Win32
		Release|Win32 = Release|Win32
	EndGlobalSection
	GlobalSection(ProjectConfigurationPlatforms) = postSolution
		{7D8368D5-B0A1-4254-A0A9-B3F87AB239F7}.Debug|Win32.ActiveCfg = Debug|Win32
		{7D8368D5-B0A1-4254-A0A9-B3F87AB239F7}.Debug|Win32.Build.0 = Debug|Win32
		{7D8368D5-B0A1-4254-A0A9-B3F87AB239F7}.Release|Win32.ActiveCfg = Release|Win32
		{7D8368D5-B0A1-4254-A0A9-B3F87AB239F7}.Release|Win32.Build.0 = Release|Win32
	EndGlobalSection
	GlobalSection(SolutionProperties) = preSolution
		HideSolutionNode = FALSE
	EndGlobalSection
EndGlobal
